
Microsoft Visual Studio Solution File, Format Version 12.00
# Visual Studio Version 16
VisualStudioVersion = 16.0.30011.22
MinimumVisualStudioVersion = 10.0.40219.1
Project("{FAE04EC0-301F-11D3-BF4B-00C04F79EFBC}") = "RetailPlanningAndForecasting.UI", "RetailPlanningAndForecasting.UI\RetailPlanningAndForecasting.UI.csproj", "{995DC04C-6DD3-43B8-BC7A-1999FF9C1AFD}"
EndProject
Project("{FAE04EC0-301F-11D3-BF4B-00C04F79EFBC}") = "RetailPlanningAndForecasting.DomainModel", "RetailPlanningAndForecasting.DomainModel\RetailPlanningAndForecasting.DomainModel.csproj", "{75F18AE8-2FEF-4BE8-B22D-654B0A9E066A}"
EndProject
Project("{FAE04EC0-301F-11D3-BF4B-00C04F79EFBC}") = "RetailPlanningAndForecasting.Presentation", "RetailPlanningAndForecasting.Presentation\RetailPlanningAndForecasting.Presentation.csproj", "{6D660ADD-A0A2-4C82-9693-75EFA8E5508C}"
EndProject
Project("{FAE04EC0-301F-11D3-BF4B-00C04F79EFBC}") = "RetailPlanningAndForecasting.Infrastructure", "RetailPlanningAndForecasting.Infrastructure\RetailPlanningAndForecasting.Infrastructure.csproj", "{4D56F815-683F-4E63-AF48-C329FBEC0599}"
EndProject
Global
	GlobalSection(SolutionConfigurationPlatforms) = preSolution
		Debug|Any CPU = Debug|Any CPU
		Release|Any CPU = Release|Any CPU
	EndGlobalSection
	GlobalSection(ProjectConfigurationPlatforms) = postSolution
		{995DC04C-6DD3-43B8-BC7A-1999FF9C1AFD}.Debug|Any CPU.ActiveCfg = Debug|Any CPU
		{995DC04C-6DD3-43B8-BC7A-1999FF9C1AFD}.Debug|Any CPU.Build.0 = Debug|Any CPU
		{995DC04C-6DD3-43B8-BC7A-1999FF9C1AFD}.Release|Any CPU.ActiveCfg = Release|Any CPU
		{995DC04C-6DD3-43B8-BC7A-1999FF9C1AFD}.Release|Any CPU.Build.0 = Release|Any CPU
		{75F18AE8-2FEF-4BE8-B22D-654B0A9E066A}.Debug|Any CPU.ActiveCfg = Debug|Any CPU
		{75F18AE8-2FEF-4BE8-B22D-654B0A9E066A}.Debug|Any CPU.Build.0 = Debug|Any CPU
		{75F18AE8-2FEF-4BE8-B22D-654B0A9E066A}.Release|Any CPU.ActiveCfg = Release|Any CPU
		{75F18AE8-2FEF-4BE8-B22D-654B0A9E066A}.Release|Any CPU.Build.0 = Release|Any CPU
		{6D660ADD-A0A2-4C82-9693-75EFA8E5508C}.Debug|Any CPU.ActiveCfg = Debug|Any CPU
		{6D660ADD-A0A2-4C82-9693-75EFA8E5508C}.Debug|Any CPU.Build.0 = Debug|Any CPU
		{6D660ADD-A0A2-4C82-9693-75EFA8E5508C}.Release|Any CPU.ActiveCfg = Release|Any CPU
		{6D660ADD-A0A2-4C82-9693-75EFA8E5508C}.Release|Any CPU.Build.0 = Release|Any CPU
		{4D56F815-683F-4E63-AF48-C329FBEC0599}.Debug|Any CPU.ActiveCfg = Debug|Any CPU
		{4D56F815-683F-4E63-AF48-C329FBEC0599}.Debug|Any CPU.Build.0 = Debug|Any CPU
		{4D56F815-683F-4E63-AF48-C329FBEC0599}.Release|Any CPU.ActiveCfg = Release|Any CPU
		{4D56F815-683F-4E63-AF48-C329FBEC0599}.Release|Any CPU.Build.0 = Release|Any CPU
	EndGlobalSection
	GlobalSection(SolutionProperties) = preSolution
		HideSolutionNode = FALSE
	EndGlobalSection
	GlobalSection(ExtensibilityGlobals) = postSolution
		SolutionGuid = {6A914A66-27B8-4575-A0DD-EDD56D2C7137}
	EndGlobalSection
EndGlobal
